
Microsoft Visual Studio Solution File, Format Version 12.00
# Visual Studio Version 17
VisualStudioVersion = 17.3.32825.248
MinimumVisualStudioVersion = 10.0.40219.1
Project("{FAE04EC0-301F-11D3-BF4B-00C04F79EFBC}") = "BookStore.API", "BookStore.API.csproj", "{8CE13338-14A6-4727-8DF9-94D08A84138E}"
EndProject
Global
	GlobalSection(SolutionConfigurationPlatforms) = preSolution
		Debug|Any CPU = Debug|Any CPU
		Release|Any CPU = Release|Any CPU
	EndGlobalSection
	GlobalSection(ProjectConfigurationPlatforms) = postSolution
		{8CE13338-14A6-4727-8DF9-94D08A84138E}.Debug|Any CPU.ActiveCfg = Debug|Any CPU
		{8CE13338-14A6-4727-8DF9-94D08A84138E}.Debug|Any CPU.Build.0 = Debug|Any CPU
		{8CE13338-14A6-4727-8DF9-94D08A84138E}.Release|Any CPU.ActiveCfg = Release|Any CPU
		{8CE13338-14A6-4727-8DF9-94D08A84138E}.Release|Any CPU.Build.0 = Release|Any CPU
	EndGlobalSection
	GlobalSection(SolutionProperties) = preSolution
		HideSolutionNode = FALSE
	EndGlobalSection
	GlobalSection(ExtensibilityGlobals) = postSolution
		SolutionGuid = {E67813D6-14F4-4DDA-9115-FCCCE39A89FA}
	EndGlobalSection
EndGlobal
